// !$*UTF8*$!
{
	archiveVersion = 1;
	classes = {
	};
	objectVersion = 56;
	objects = {

/* Begin PBXBuildFile section */
		22085E632BABD5F40058841F /* Preview Assets.xcassets in Resources */ = {isa = PBXBuildFile; fileRef = 22085E592BABD5F40058841F /* Preview Assets.xcassets */; };
		22085E642BABD5F40058841F /* Assets.xcassets in Resources */ = {isa = PBXBuildFile; fileRef = 22085E5B2BABD5F40058841F /* Assets.xcassets */; };
		22085E652BABD5F40058841F /* ContentView.swift in Sources */ = {isa = PBXBuildFile; fileRef = 22085E5C2BABD5F40058841F /* ContentView.swift */; };
		22085E662BABD5F40058841F /* FirstAppApp.swift in Sources */ = {isa = PBXBuildFile; fileRef = 22085E5E2BABD5F40058841F /* FirstAppApp.swift */; };
		22085E672BABD5F40058841F /* Localizable.strings in Resources */ = {isa = PBXBuildFile; fileRef = 22085E602BABD5F40058841F /* Localizable.strings */; };
		22085E682BABD5F40058841F /* MyTabView.swift in Sources */ = {isa = PBXBuildFile; fileRef = 22085E612BABD5F40058841F /* MyTabView.swift */; };
		22085E6F2BABD7C80058841F /* Localizable.strings in Resources */ = {isa = PBXBuildFile; fileRef = 22085E6D2BABD7C80058841F /* Localizable.strings */; };
		223605732BD4662900FF53B6 /* AIView.swift in Sources */ = {isa = PBXBuildFile; fileRef = 223605722BD4662900FF53B6 /* AIView.swift */; };
		223605762BD595ED00FF53B6 /* llmfarm_core in Frameworks */ = {isa = PBXBuildFile; productRef = 223605752BD595ED00FF53B6 /* llmfarm_core */; };
		2265C1FB2BD97FCB00B1BE6F /* DownloadButton.swift in Sources */ = {isa = PBXBuildFile; fileRef = 2265C1FA2BD97FCB00B1BE6F /* DownloadButton.swift */; };
		2283CB9E2BA36633005646A9 /* FirstAppApp.swift in Sources */ = {isa = PBXBuildFile; fileRef = 2283CB9D2BA36633005646A9 /* FirstAppApp.swift */; };
		2283CBA02BA36633005646A9 /* ContentView.swift in Sources */ = {isa = PBXBuildFile; fileRef = 2283CB9F2BA36633005646A9 /* ContentView.swift */; };
		2283CBA22BA36636005646A9 /* Assets.xcassets in Resources */ = {isa = PBXBuildFile; fileRef = 2283CBA12BA36636005646A9 /* Assets.xcassets */; };
		2283CBA62BA36636005646A9 /* Preview Assets.xcassets in Resources */ = {isa = PBXBuildFile; fileRef = 2283CBA52BA36636005646A9 /* Preview Assets.xcassets */; };
		2283CBAF2BA525AA005646A9 /* MyTabView.swift in Sources */ = {isa = PBXBuildFile; fileRef = 2283CBAE2BA525AA005646A9 /* MyTabView.swift */; };
		2283CBB12BA6ACDF005646A9 /* File.swift in Sources */ = {isa = PBXBuildFile; fileRef = 2283CBB02BA6ACDF005646A9 /* File.swift */; };
/* End PBXBuildFile section */

/* Begin PBXFileReference section */
		22085E592BABD5F40058841F /* Preview Assets.xcassets */ = {isa = PBXFileReference; lastKnownFileType = folder.assetcatalog; path = "Preview Assets.xcassets"; sourceTree = "<group>"; };
		22085E5B2BABD5F40058841F /* Assets.xcassets */ = {isa = PBXFileReference; lastKnownFileType = folder.assetcatalog; path = Assets.xcassets; sourceTree = "<group>"; };
		22085E5C2BABD5F40058841F /* ContentView.swift */ = {isa = PBXFileReference; fileEncoding = 4; lastKnownFileType = sourcecode.swift; path = ContentView.swift; sourceTree = "<group>"; };
		22085E5D2BABD5F40058841F /* FirstApp.entitlements */ = {isa = PBXFileReference; fileEncoding = 4; lastKnownFileType = text.plist.entitlements; path = FirstApp.entitlements; sourceTree = "<group>"; };
		22085E5E2BABD5F40058841F /* FirstAppApp.swift */ = {isa = PBXFileReference; fileEncoding = 4; lastKnownFileType = sourcecode.swift; path = FirstAppApp.swift; sourceTree = "<group>"; };
		22085E5F2BABD5F40058841F /* en */ = {isa = PBXFileReference; lastKnownFileType = text.plist.strings; name = en; path = en.lproj/Localizable.strings; sourceTree = "<group>"; };
		22085E612BABD5F40058841F /* MyTabView.swift */ = {isa = PBXFileReference; fileEncoding = 4; lastKnownFileType = sourcecode.swift; path = MyTabView.swift; sourceTree = "<group>"; };
		22085E6E2BABD7C80058841F /* en */ = {isa = PBXFileReference; lastKnownFileType = text.plist.strings; name = en; path = en.lproj/Localizable.strings; sourceTree = "<group>"; };
		22085E702BABD7D30058841F /* ar */ = {isa = PBXFileReference; lastKnownFileType = text.plist.strings; name = ar; path = ar.lproj/Localizable.strings; sourceTree = "<group>"; };
		22085E712BABD7F50058841F /* ar */ = {isa = PBXFileReference; lastKnownFileType = text.plist.strings; name = ar; path = ar.lproj/Localizable.strings; sourceTree = "<group>"; };
		223605722BD4662900FF53B6 /* AIView.swift */ = {isa = PBXFileReference; lastKnownFileType = sourcecode.swift; path = AIView.swift; sourceTree = "<group>"; };
		225217122BD9A16400217673 /* Info.plist */ = {isa = PBXFileReference; lastKnownFileType = text.plist.xml; path = Info.plist; sourceTree = "<group>"; };
		2265C1FA2BD97FCB00B1BE6F /* DownloadButton.swift */ = {isa = PBXFileReference; lastKnownFileType = sourcecode.swift; path = DownloadButton.swift; sourceTree = "<group>"; };
		2283CB9A2BA36633005646A9 /* FirstApp.app */ = {isa = PBXFileReference; explicitFileType = wrapper.application; includeInIndex = 0; path = FirstApp.app; sourceTree = BUILT_PRODUCTS_DIR; };
		2283CB9D2BA36633005646A9 /* FirstAppApp.swift */ = {isa = PBXFileReference; lastKnownFileType = sourcecode.swift; path = FirstAppApp.swift; sourceTree = "<group>"; };
		2283CB9F2BA36633005646A9 /* ContentView.swift */ = {isa = PBXFileReference; lastKnownFileType = sourcecode.swift; path = ContentView.swift; sourceTree = "<group>"; };
		2283CBA12BA36636005646A9 /* Assets.xcassets */ = {isa = PBXFileReference; lastKnownFileType = folder.assetcatalog; path = Assets.xcassets; sourceTree = "<group>"; };
		2283CBA32BA36636005646A9 /* FirstApp.entitlements */ = {isa = PBXFileReference; lastKnownFileType = text.plist.entitlements; path = FirstApp.entitlements; sourceTree = "<group>"; };
		2283CBA52BA36636005646A9 /* Preview Assets.xcassets */ = {isa = PBXFileReference; lastKnownFileType = folder.assetcatalog; path = "Preview Assets.xcassets"; sourceTree = "<group>"; };
		2283CBAE2BA525AA005646A9 /* MyTabView.swift */ = {isa = PBXFileReference; lastKnownFileType = sourcecode.swift; path = MyTabView.swift; sourceTree = "<group>"; };
		2283CBB02BA6ACDF005646A9 /* File.swift */ = {isa = PBXFileReference; lastKnownFileType = sourcecode.swift; path = File.swift; sourceTree = "<group>"; };
/* End PBXFileReference section */

/* Begin PBXFrameworksBuildPhase section */
		2283CB972BA36633005646A9 /* Frameworks */ = {
			isa = PBXFrameworksBuildPhase;
			buildActionMask = 2147483647;
			files = (
				223605762BD595ED00FF53B6 /* llmfarm_core in Frameworks */,
			);
			runOnlyForDeploymentPostprocessing = 0;
		};
/* End PBXFrameworksBuildPhase section */

/* Begin PBXGroup section */
		22085E5A2BABD5F40058841F /* Preview Content */ = {
			isa = PBXGroup;
			children = (
				22085E592BABD5F40058841F /* Preview Assets.xcassets */,
			);
			path = "Preview Content";
			sourceTree = "<group>";
		};
		22085E622BABD5F40058841F /* FirstApp */ = {
			isa = PBXGroup;
			children = (
				22085E5A2BABD5F40058841F /* Preview Content */,
				22085E5B2BABD5F40058841F /* Assets.xcassets */,
				22085E5C2BABD5F40058841F /* ContentView.swift */,
				22085E5D2BABD5F40058841F /* FirstApp.entitlements */,
				22085E5E2BABD5F40058841F /* FirstAppApp.swift */,
				22085E602BABD5F40058841F /* Localizable.strings */,
				22085E612BABD5F40058841F /* MyTabView.swift */,
				223605722BD4662900FF53B6 /* AIView.swift */,
				2265C1FA2BD97FCB00B1BE6F /* DownloadButton.swift */,
			);
			name = FirstApp;
			sourceTree = "<group>";
		};
		2283CB912BA36633005646A9 = {
			isa = PBXGroup;
			children = (
				2283CBB02BA6ACDF005646A9 /* File.swift */,
				2283CB9C2BA36633005646A9 /* FirstApp */,
				2283CB9B2BA36633005646A9 /* Products */,
			);
			sourceTree = "<group>";
		};
		2283CB9B2BA36633005646A9 /* Products */ = {
			isa = PBXGroup;
			children = (
				2283CB9A2BA36633005646A9 /* FirstApp.app */,
			);
			name = Products;
			sourceTree = "<group>";
		};
		2283CB9C2BA36633005646A9 /* FirstApp */ = {
			isa = PBXGroup;
			children = (
				225217122BD9A16400217673 /* Info.plist */,
				2283CB9D2BA36633005646A9 /* FirstAppApp.swift */,
				22085E622BABD5F40058841F /* FirstApp */,
				2283CB9F2BA36633005646A9 /* ContentView.swift */,
				22085E6D2BABD7C80058841F /* Localizable.strings */,
				2283CBAE2BA525AA005646A9 /* MyTabView.swift */,
				2283CBA12BA36636005646A9 /* Assets.xcassets */,
				2283CBA32BA36636005646A9 /* FirstApp.entitlements */,
				2283CBA42BA36636005646A9 /* Preview Content */,
			);
			path = FirstApp;
			sourceTree = SOURCE_ROOT;
		};
		2283CBA42BA36636005646A9 /* Preview Content */ = {
			isa = PBXGroup;
			children = (
				2283CBA52BA36636005646A9 /* Preview Assets.xcassets */,
			);
			path = "Preview Content";
			sourceTree = "<group>";
		};
/* End PBXGroup section */

/* Begin PBXNativeTarget section */
		2283CB992BA36633005646A9 /* FirstApp */ = {
			isa = PBXNativeTarget;
			buildConfigurationList = 2283CBA92BA36636005646A9 /* Build configuration list for PBXNativeTarget "FirstApp" */;
			buildPhases = (
				2283CB962BA36633005646A9 /* Sources */,
				2283CB972BA36633005646A9 /* Frameworks */,
				2283CB982BA36633005646A9 /* Resources */,
			);
			buildRules = (
			);
			dependencies = (
			);
			name = FirstApp;
			packageProductDependencies = (
				223605752BD595ED00FF53B6 /* llmfarm_core */,
			);
			productName = FirstApp;
			productReference = 2283CB9A2BA36633005646A9 /* FirstApp.app */;
			productType = "com.apple.product-type.application";
		};
/* End PBXNativeTarget section */

/* Begin PBXProject section */
		2283CB922BA36633005646A9 /* Project object */ = {
			isa = PBXProject;
			attributes = {
				BuildIndependentTargetsInParallel = 1;
				LastSwiftUpdateCheck = 1530;
				LastUpgradeCheck = 1530;
				TargetAttributes = {
					2283CB992BA36633005646A9 = {
						CreatedOnToolsVersion = 15.3;
					};
				};
			};
			buildConfigurationList = 2283CB952BA36633005646A9 /* Build configuration list for PBXProject "FirstApp" */;
			compatibilityVersion = "Xcode 14.0";
			developmentRegion = ar;
			hasScannedForEncodings = 0;
			knownRegions = (
				en,
				Base,
				ar,
			);
			mainGroup = 2283CB912BA36633005646A9;
			packageReferences = (
				223605742BD595ED00FF53B6 /* XCRemoteSwiftPackageReference "llmfarm_core" */,
			);
			productRefGroup = 2283CB9B2BA36633005646A9 /* Products */;
			projectDirPath = "";
			projectRoot = "";
			targets = (
				2283CB992BA36633005646A9 /* FirstApp */,
			);
		};
/* End PBXProject section */

/* Begin PBXResourcesBuildPhase section */
		2283CB982BA36633005646A9 /* Resources */ = {
			isa = PBXResourcesBuildPhase;
			buildActionMask = 2147483647;
			files = (
				22085E632BABD5F40058841F /* Preview Assets.xcassets in Resources */,
				22085E6F2BABD7C80058841F /* Localizable.strings in Resources */,
				22085E672BABD5F40058841F /* Localizable.strings in Resources */,
				2283CBA62BA36636005646A9 /* Preview Assets.xcassets in Resources */,
				2283CBA22BA36636005646A9 /* Assets.xcassets in Resources */,
				22085E642BABD5F40058841F /* Assets.xcassets in Resources */,
			);
			runOnlyForDeploymentPostprocessing = 0;
		};
/* End PBXResourcesBuildPhase section */

/* Begin PBXSourcesBuildPhase section */
		2283CB962BA36633005646A9 /* Sources */ = {
			isa = PBXSourcesBuildPhase;
			buildActionMask = 2147483647;
			files = (
				2283CBA02BA36633005646A9 /* ContentView.swift in Sources */,
				22085E652BABD5F40058841F /* ContentView.swift in Sources */,
				22085E662BABD5F40058841F /* FirstAppApp.swift in Sources */,
				2283CBB12BA6ACDF005646A9 /* File.swift in Sources */,
				223605732BD4662900FF53B6 /* AIView.swift in Sources */,
				2283CBAF2BA525AA005646A9 /* MyTabView.swift in Sources */,
				2265C1FB2BD97FCB00B1BE6F /* DownloadButton.swift in Sources */,
				2283CB9E2BA36633005646A9 /* FirstAppApp.swift in Sources */,
				22085E682BABD5F40058841F /* MyTabView.swift in Sources */,
			);
			runOnlyForDeploymentPostprocessing = 0;
		};
/* End PBXSourcesBuildPhase section */

/* Begin PBXVariantGroup section */
		22085E602BABD5F40058841F /* Localizable.strings */ = {
			isa = PBXVariantGroup;
			children = (
				22085E5F2BABD5F40058841F /* en */,
				22085E702BABD7D30058841F /* ar */,
			);
			name = Localizable.strings;
			sourceTree = "<group>";
		};
		22085E6D2BABD7C80058841F /* Localizable.strings */ = {
			isa = PBXVariantGroup;
			children = (
				22085E6E2BABD7C80058841F /* en */,
				22085E712BABD7F50058841F /* ar */,
			);
			name = Localizable.strings;
			sourceTree = "<group>";
		};
/* End PBXVariantGroup section */

/* Begin XCBuildConfiguration section */
		2283CBA72BA36636005646A9 /* Debug */ = {
			isa = XCBuildConfiguration;
			buildSettings = {
				ALWAYS_SEARCH_USER_PATHS = NO;
				ASSETCATALOG_COMPILER_GENERATE_SWIFT_ASSET_SYMBOL_EXTENSIONS = YES;
				CLANG_ANALYZER_LOCALIZABILITY_NONLOCALIZED = YES;
				CLANG_ANALYZER_NONNULL = YES;
				CLANG_ANALYZER_NUMBER_OBJECT_CONVERSION = YES_AGGRESSIVE;
				CLANG_CXX_LANGUAGE_STANDARD = "gnu++20";
				CLANG_ENABLE_MODULES = YES;
				CLANG_ENABLE_OBJC_ARC = YES;
				CLANG_ENABLE_OBJC_WEAK = YES;
				CLANG_WARN_BLOCK_CAPTURE_AUTORELEASING = YES;
				CLANG_WARN_BOOL_CONVERSION = YES;
				CLANG_WARN_COMMA = YES;
				CLANG_WARN_CONSTANT_CONVERSION = YES;
				CLANG_WARN_DEPRECATED_OBJC_IMPLEMENTATIONS = YES;
				CLANG_WARN_DIRECT_OBJC_ISA_USAGE = YES_ERROR;
				CLANG_WARN_DOCUMENTATION_COMMENTS = YES;
				CLANG_WARN_EMPTY_BODY = YES;
				CLANG_WARN_ENUM_CONVERSION = YES;
				CLANG_WARN_INFINITE_RECURSION = YES;
				CLANG_WARN_INT_CONVERSION = YES;
				CLANG_WARN_NON_LITERAL_NULL_CONVERSION = YES;
				CLANG_WARN_OBJC_IMPLICIT_RETAIN_SELF = YES;
				CLANG_WARN_OBJC_LITERAL_CONVERSION = YES;
				CLANG_WARN_OBJC_ROOT_CLASS = YES_ERROR;
				CLANG_WARN_QUOTED_INCLUDE_IN_FRAMEWORK_HEADER = YES;
				CLANG_WARN_RANGE_LOOP_ANALYSIS = YES;
				CLANG_WARN_STRICT_PROTOTYPES = YES;
				CLANG_WARN_SUSPICIOUS_MOVE = YES;
				CLANG_WARN_UNGUARDED_AVAILABILITY = YES_AGGRESSIVE;
				CLANG_WARN_UNREACHABLE_CODE = YES;
				CLANG_WARN__DUPLICATE_METHOD_MATCH = YES;
				COPY_PHASE_STRIP = NO;
				DEBUG_INFORMATION_FORMAT = dwarf;
				ENABLE_STRICT_OBJC_MSGSEND = YES;
				ENABLE_TESTABILITY = YES;
				ENABLE_USER_SCRIPT_SANDBOXING = YES;
				GCC_C_LANGUAGE_STANDARD = gnu17;
				GCC_DYNAMIC_NO_PIC = NO;
				GCC_NO_COMMON_BLOCKS = YES;
				GCC_OPTIMIZATION_LEVEL = 0;
				GCC_PREPROCESSOR_DEFINITIONS = (
					"DEBUG=1",
					"$(inherited)",
				);
				GCC_WARN_64_TO_32_BIT_CONVERSION = YES;
				GCC_WARN_ABOUT_RETURN_TYPE = YES_ERROR;
				GCC_WARN_UNDECLARED_SELECTOR = YES;
				GCC_WARN_UNINITIALIZED_AUTOS = YES_AGGRESSIVE;
				GCC_WARN_UNUSED_FUNCTION = YES;
				GCC_WARN_UNUSED_VARIABLE = YES;
				LOCALIZATION_PREFERS_STRING_CATALOGS = YES;
				MTL_ENABLE_DEBUG_INFO = INCLUDE_SOURCE;
				MTL_FAST_MATH = YES;
				ONLY_ACTIVE_ARCH = YES;
				SWIFT_ACTIVE_COMPILATION_CONDITIONS = "DEBUG $(inherited)";
				SWIFT_OPTIMIZATION_LEVEL = "-Onone";
			};
			name = Debug;
		};
		2283CBA82BA36636005646A9 /* Release */ = {
			isa = XCBuildConfiguration;
			buildSettings = {
				ALWAYS_SEARCH_USER_PATHS = NO;
				ASSETCATALOG_COMPILER_GENERATE_SWIFT_ASSET_SYMBOL_EXTENSIONS = YES;
				CLANG_ANALYZER_LOCALIZABILITY_NONLOCALIZED = YES;
				CLANG_ANALYZER_NONNULL = YES;
				CLANG_ANALYZER_NUMBER_OBJECT_CONVERSION = YES_AGGRESSIVE;
				CLANG_CXX_LANGUAGE_STANDARD = "gnu++20";
				CLANG_ENABLE_MODULES = YES;
				CLANG_ENABLE_OBJC_ARC = YES;
				CLANG_ENABLE_OBJC_WEAK = YES;
				CLANG_WARN_BLOCK_CAPTURE_AUTORELEASING = YES;
				CLANG_WARN_BOOL_CONVERSION = YES;
				CLANG_WARN_COMMA = YES;
				CLANG_WARN_CONSTANT_CONVERSION = YES;
				CLANG_WARN_DEPRECATED_OBJC_IMPLEMENTATIONS = YES;
				CLANG_WARN_DIRECT_OBJC_ISA_USAGE = YES_ERROR;
				CLANG_WARN_DOCUMENTATION_COMMENTS = YES;
				CLANG_WARN_EMPTY_BODY = YES;
				CLANG_WARN_ENUM_CONVERSION = YES;
				CLANG_WARN_INFINITE_RECURSION = YES;
				CLANG_WARN_INT_CONVERSION = YES;
				CLANG_WARN_NON_LITERAL_NULL_CONVERSION = YES;
				CLANG_WARN_OBJC_IMPLICIT_RETAIN_SELF = YES;
				CLANG_WARN_OBJC_LITERAL_CONVERSION = YES;
				CLANG_WARN_OBJC_ROOT_CLASS = YES_ERROR;
				CLANG_WARN_QUOTED_INCLUDE_IN_FRAMEWORK_HEADER = YES;
				CLANG_WARN_RANGE_LOOP_ANALYSIS = YES;
				CLANG_WARN_STRICT_PROTOTYPES = YES;
				CLANG_WARN_SUSPICIOUS_MOVE = YES;
				CLANG_WARN_UNGUARDED_AVAILABILITY = YES_AGGRESSIVE;
				CLANG_WARN_UNREACHABLE_CODE = YES;
				CLANG_WARN__DUPLICATE_METHOD_MATCH = YES;
				COPY_PHASE_STRIP = NO;
				DEBUG_INFORMATION_FORMAT = "dwarf-with-dsym";
				ENABLE_NS_ASSERTIONS = NO;
				ENABLE_STRICT_OBJC_MSGSEND = YES;
				ENABLE_USER_SCRIPT_SANDBOXING = YES;
				GCC_C_LANGUAGE_STANDARD = gnu17;
				GCC_NO_COMMON_BLOCKS = YES;
				GCC_WARN_64_TO_32_BIT_CONVERSION = YES;
				GCC_WARN_ABOUT_RETURN_TYPE = YES_ERROR;
				GCC_WARN_UNDECLARED_SELECTOR = YES;
				GCC_WARN_UNINITIALIZED_AUTOS = YES_AGGRESSIVE;
				GCC_WARN_UNUSED_FUNCTION = YES;
				GCC_WARN_UNUSED_VARIABLE = YES;
				LOCALIZATION_PREFERS_STRING_CATALOGS = YES;
				MTL_ENABLE_DEBUG_INFO = NO;
				MTL_FAST_MATH = YES;
				SWIFT_COMPILATION_MODE = wholemodule;
			};
			name = Release;
		};
		2283CBAA2BA36636005646A9 /* Debug */ = {
			isa = XCBuildConfiguration;
			buildSettings = {
				ASSETCATALOG_COMPILER_APPICON_NAME = AppIcon;
				ASSETCATALOG_COMPILER_GLOBAL_ACCENT_COLOR_NAME = AccentColor;
				CODE_SIGN_ENTITLEMENTS = FirstApp/FirstApp.entitlements;
				"CODE_SIGN_IDENTITY[sdk=macosx*]" = "Apple Development";
				CODE_SIGN_STYLE = Automatic;
				CURRENT_PROJECT_VERSION = 1;
				DEVELOPMENT_ASSET_PATHS = "\"FirstApp/Preview Content\"";
				DEVELOPMENT_TEAM = VS44Y8JD9Q;
				ENABLE_PREVIEWS = YES;
				GENERATE_INFOPLIST_FILE = YES;
				INFOPLIST_FILE = FirstApp/Info.plist;
				"INFOPLIST_KEY_UIApplicationSceneManifest_Generation[sdk=iphoneos*]" = YES;
				"INFOPLIST_KEY_UIApplicationSceneManifest_Generation[sdk=iphonesimulator*]" = YES;
				"INFOPLIST_KEY_UIApplicationSupportsIndirectInputEvents[sdk=iphoneos*]" = YES;
				"INFOPLIST_KEY_UIApplicationSupportsIndirectInputEvents[sdk=iphonesimulator*]" = YES;
				"INFOPLIST_KEY_UILaunchScreen_Generation[sdk=iphoneos*]" = YES;
				"INFOPLIST_KEY_UILaunchScreen_Generation[sdk=iphonesimulator*]" = YES;
				"INFOPLIST_KEY_UIStatusBarStyle[sdk=iphoneos*]" = UIStatusBarStyleDefault;
				"INFOPLIST_KEY_UIStatusBarStyle[sdk=iphonesimulator*]" = UIStatusBarStyleDefault;
				INFOPLIST_KEY_UISupportedInterfaceOrientations_iPad = "UIInterfaceOrientationPortrait UIInterfaceOrientationPortraitUpsideDown UIInterfaceOrientationLandscapeLeft UIInterfaceOrientationLandscapeRight";
				INFOPLIST_KEY_UISupportedInterfaceOrientations_iPhone = "UIInterfaceOrientationPortrait UIInterfaceOrientationLandscapeLeft UIInterfaceOrientationLandscapeRight";
				IPHONEOS_DEPLOYMENT_TARGET = 15.0;
				LD_RUNPATH_SEARCH_PATHS = "@executable_path/Frameworks";
				"LD_RUNPATH_SEARCH_PATHS[sdk=macosx*]" = "@executable_path/../Frameworks";
				MACOSX_DEPLOYMENT_TARGET = 13.0;
				MARKETING_VERSION = 1.0;
				PRODUCT_BUNDLE_IDENTIFIER = BeAware.FirstApp;
				PRODUCT_NAME = "$(TARGET_NAME)";
				SDKROOT = auto;
				SUPPORTED_PLATFORMS = "iphoneos iphonesimulator macosx";
				SWIFT_EMIT_LOC_STRINGS = YES;
				SWIFT_VERSION = 5.0;
				TARGETED_DEVICE_FAMILY = "1,2";
			};
			name = Debug;
		};
		2283CBAB2BA36636005646A9 /* Release */ = {
			isa = XCBuildConfiguration;
			buildSettings = {
				ASSETCATALOG_COMPILER_APPICON_NAME = AppIcon;
				ASSETCATALOG_COMPILER_GLOBAL_ACCENT_COLOR_NAME = AccentColor;
				CODE_SIGN_ENTITLEMENTS = FirstApp/FirstApp.entitlements;
				"CODE_SIGN_IDENTITY[sdk=macosx*]" = "Apple Development";
				CODE_SIGN_STYLE = Automatic;
				CURRENT_PROJECT_VERSION = 1;
				DEVELOPMENT_ASSET_PATHS = "\"FirstApp/Preview Content\"";
				DEVELOPMENT_TEAM = VS44Y8JD9Q;
				ENABLE_PREVIEWS = YES;
				GENERATE_INFOPLIST_FILE = YES;
				INFOPLIST_FILE = FirstApp/Info.plist;
				"INFOPLIST_KEY_UIApplicationSceneManifest_Generation[sdk=iphoneos*]" = YES;
				"INFOPLIST_KEY_UIApplicationSceneManifest_Generation[sdk=iphonesimulator*]" = YES;
				"INFOPLIST_KEY_UIApplicationSupportsIndirectInputEvents[sdk=iphoneos*]" = YES;
				"INFOPLIST_KEY_UIApplicationSupportsIndirectInputEvents[sdk=iphonesimulator*]" = YES;
				"INFOPLIST_KEY_UILaunchScreen_Generation[sdk=iphoneos*]" = YES;
				"INFOPLIST_KEY_UILaunchScreen_Generation[sdk=iphonesimulator*]" = YES;
				"INFOPLIST_KEY_UIStatusBarStyle[sdk=iphoneos*]" = UIStatusBarStyleDefault;
				"INFOPLIST_KEY_UIStatusBarStyle[sdk=iphonesimulator*]" = UIStatusBarStyleDefault;
				INFOPLIST_KEY_UISupportedInterfaceOrientations_iPad = "UIInterfaceOrientationPortrait UIInterfaceOrientationPortraitUpsideDown UIInterfaceOrientationLandscapeLeft UIInterfaceOrientationLandscapeRight";
				INFOPLIST_KEY_UISupportedInterfaceOrientations_iPhone = "UIInterfaceOrientationPortrait UIInterfaceOrientationLandscapeLeft UIInterfaceOrientationLandscapeRight";
				IPHONEOS_DEPLOYMENT_TARGET = 15.0;
				LD_RUNPATH_SEARCH_PATHS = "@executable_path/Frameworks";
				"LD_RUNPATH_SEARCH_PATHS[sdk=macosx*]" = "@executable_path/../Frameworks";
				MACOSX_DEPLOYMENT_TARGET = 13.0;
				MARKETING_VERSION = 1.0;
				PRODUCT_BUNDLE_IDENTIFIER = BeAware.FirstApp;
				PRODUCT_NAME = "$(TARGET_NAME)";
				SDKROOT = auto;
				SUPPORTED_PLATFORMS = "iphoneos iphonesimulator macosx";
				SWIFT_EMIT_LOC_STRINGS = YES;
				SWIFT_VERSION = 5.0;
				TARGETED_DEVICE_FAMILY = "1,2";
			};
			name = Release;
		};
/* End XCBuildConfiguration section */

/* Begin XCConfigurationList section */
		2283CB952BA36633005646A9 /* Build configuration list for PBXProject "FirstApp" */ = {
			isa = XCConfigurationList;
			buildConfigurations = (
				2283CBA72BA36636005646A9 /* Debug */,
				2283CBA82BA36636005646A9 /* Release */,
			);
			defaultConfigurationIsVisible = 0;
			defaultConfigurationName = Release;
		};
		2283CBA92BA36636005646A9 /* Build configuration list for PBXNativeTarget "FirstApp" */ = {
			isa = XCConfigurationList;
			buildConfigurations = (
				2283CBAA2BA36636005646A9 /* Debug */,
				2283CBAB2BA36636005646A9 /* Release */,
			);
			defaultConfigurationIsVisible = 0;
			defaultConfigurationName = Release;
		};
/* End XCConfigurationList section */

/* Begin XCRemoteSwiftPackageReference section */
		223605742BD595ED00FF53B6 /* XCRemoteSwiftPackageReference "llmfarm_core" */ = {
			isa = XCRemoteSwiftPackageReference;
			repositoryURL = "https://github.com/guinmoon/llmfarm_core.swift";
			requirement = {
				kind = revision;
				revision = 7226a84a69361c312c997453827c609e613585fd;
			};
		};
/* End XCRemoteSwiftPackageReference section */

/* Begin XCSwiftPackageProductDependency section */
		223605752BD595ED00FF53B6 /* llmfarm_core */ = {
			isa = XCSwiftPackageProductDependency;
			package = 223605742BD595ED00FF53B6 /* XCRemoteSwiftPackageReference "llmfarm_core" */;
			productName = llmfarm_core;
		};
/* End XCSwiftPackageProductDependency section */
	};
	rootObject = 2283CB922BA36633005646A9 /* Project object */;
}
